<?xml version="1.0" encoding="utf-8"?>
<Project ToolsVersion="4.0" xmlns="http://schemas.microsoft.com/developer/msbuild/2003">
  <ItemGroup>
    <Filter Include="Source Files">
      <UniqueIdentifier>{4FC737F1-C7A5-4376-A066-2A32D752A2FF}</UniqueIdentifier>
      <Extensions>cpp;c;cc;cxx;def;odl;idl;hpj;bat;asm;asmx</Extensions>
    </Filter>
    <Filter Include="Header Files">
      <UniqueIdentifier>{93995380-89BD-4b04-88EB-625FBE52EBFB}</UniqueIdentifier>
      <Extensions>h;hh;hpp;hxx;hm;inl;inc;xsd</Extensions>
    </Filter>
    <Filter Include="Resource Files">
      <UniqueIdentifier>{67DA6AB6-F800-4c08-8B7A-83BB121AAD01}</UniqueIdentifier>
      <Extensions>rc;ico;cur;bmp;dlg;rc2;rct;bin;rgs;gif;jpg;jpeg;jpe;resx;tiff;tif;png;wav</Extensions>
    </Filter>
  </ItemGroup>
  <ItemGroup>
    <ClCompile Include="main.cpp">
      <Filter>Source Files</Filter>
    </ClCompile>
  </ItemGroup>
  <ItemGroup>
    <None Include="clipboard_rs\target\debug\incremental\clipboard_rs-2kv9gaslx7faf\s-fkbckh5vsi-8vd0w8-ybt40rwat43r\dep-graph.bin">
      <Filter>Resource Files</Filter>
    </None>
    <None Include="clipboard_rs\target\debug\incremental\clipboard_rs-2kv9gaslx7faf\s-fkbckh5vsi-8vd0w8-ybt40rwat43r\query-cache.bin">
      <Filter>Resource Files</Filter>
    </None>
    <None Include="clipboard_rs\target\debug\incremental\clipboard_rs-2kv9gaslx7faf\s-fkbckh5vsi-8vd0w8-ybt40rwat43r\work-products.bin">
      <Filter>Resource Files</Filter>
    </None>
    <None Include="clipboard_rs\target\debug\incremental\clipboard_rs-33gzb6fj9un52\s-fka8onwubi-ap1gm3-1psotdpcc1lnn\dep-graph.bin">
      <Filter>Resource Files</Filter>
    </None>
    <None Include="clipboard_rs\target\debug\incremental\clipboard_rs-33gzb6fj9un52\s-fka8onwubi-ap1gm3-1psotdpcc1lnn\query-cache.bin">
      <Filter>Resource Files</Filter>
    </None>
    <None Include="clipboard_rs\target\debug\incremental\clipboard_rs-33gzb6fj9un52\s-fka8onwubi-ap1gm3-1psotdpcc1lnn\work-products.bin">
      <Filter>Resource Files</Filter>
    </None>
    <None Include="clipboard_rs\target\debug\incremental\clipboard_rs-3cn4z173w1nqs\s-fkbwkabnqq-1e2qj5l-guqjql22uq0k\dep-graph.bin">
      <Filter>Resource Files</Filter>
    </None>
    <None Include="clipboard_rs\target\debug\incremental\clipboard_rs-3cn4z173w1nqs\s-fkbwkabnqq-1e2qj5l-guqjql22uq0k\query-cache.bin">
      <Filter>Resource Files</Filter>
    </None>
    <None Include="clipboard_rs\target\debug\incremental\clipboard_rs-3cn4z173w1nqs\s-fkbwkabnqq-1e2qj5l-guqjql22uq0k\work-products.bin">
      <Filter>Resource Files</Filter>
    </None>
    <None Include="clipboard_rs\target\x86_64-pc-windows-msvc\debug\incremental\clipboard_rs-1gkc6l5npj8yy\s-fkcd1dwwcf-1js0dpm-tjdklc6lqjyq\dep-graph.bin">
      <Filter>Resource Files</Filter>
    </None>
    <None Include="clipboard_rs\target\x86_64-pc-windows-msvc\debug\incremental\clipboard_rs-1gkc6l5npj8yy\s-fkcd1dwwcf-1js0dpm-tjdklc6lqjyq\query-cache.bin">
      <Filter>Resource Files</Filter>
    </None>
    <None Include="clipboard_rs\target\x86_64-pc-windows-msvc\debug\incremental\clipboard_rs-1gkc6l5npj8yy\s-fkcd1dwwcf-1js0dpm-tjdklc6lqjyq\work-products.bin">
      <Filter>Resource Files</Filter>
    </None>
    <None Include="clipboard_rs\target\x86_64-pc-windows-msvc\debug\incremental\clipboard_rs-1yac9nf0k4f1a\s-fkbwmcmw2u-1wwz9sj-1go55oiz8ha4l\dep-graph.bin">
      <Filter>Resource Files</Filter>
    </None>
    <None Include="clipboard_rs\target\x86_64-pc-windows-msvc\debug\incremental\clipboard_rs-1yac9nf0k4f1a\s-fkbwmcmw2u-1wwz9sj-1go55oiz8ha4l\query-cache.bin">
      <Filter>Resource Files</Filter>
    </None>
    <None Include="clipboard_rs\target\x86_64-pc-windows-msvc\debug\incremental\clipboard_rs-1yac9nf0k4f1a\s-fkbwmcmw2u-1wwz9sj-1go55oiz8ha4l\work-products.bin">
      <Filter>Resource Files</Filter>
    </None>
  </ItemGroup>
</Project>